%{
  "absinthe": {:hex, :absinthe, "1.9.0", "28f11753d01c0e8b6cb6e764a23cf4081e0e6cae88f53f4c9e4320912aee9c07", [:mix], [{:dataloader, "~> 1.0.0 or ~> 2.0", [hex: :dataloader, repo: "hexpm", optional: true]}, {:decimal, "~> 2.0", [hex: :decimal, repo: "hexpm", optional: true]}, {:nimble_parsec, "~> 1.2.2 or ~> 1.3", [hex: :nimble_parsec, repo: "hexpm", optional: false]}, {:opentelemetry_process_propagator, "~> 0.2.1 or ~> 0.3", [hex: :opentelemetry_process_propagator, repo: "hexpm", optional: true]}, {:telemetry, "~> 0.4 or ~> 1.0", [hex: :telemetry, repo: "hexpm", optional: false]}], "hexpm", "db65993420944ad90e932827663d4ab704262b007d4e3900cd69615f14ccc8ce"},
  "absinthe_error_payload": {:hex, :absinthe_error_payload, "1.2.0", "ca1dc4311190dedea650e41b996064be6aaf2f1e8d7b4850842eb1ce89d9d461", [:make, :mix], [{:absinthe, "~> 1.3", [hex: :absinthe, repo: "hexpm", optional: false]}, {:ecto, "~> 3.1", [hex: :ecto, repo: "hexpm", optional: false]}], "hexpm", "d9b9201a2710a2c09da7a5a35a2d8aff0b0c9253875ab629c45747e13f4b1e4a"},
  "absinthe_plug": {:hex, :absinthe_plug, "1.5.9", "4f66fd46aecf969b349dd94853e6132db6d832ae6a4b951312b6926ad4ee7ca3", [:mix], [{:absinthe, "~> 1.7", [hex: :absinthe, repo: "hexpm", optional: false]}, {:plug, "~> 1.4", [hex: :plug, repo: "hexpm", optional: false]}], "hexpm", "dcdc84334b0e9e2cd439bd2653678a822623f212c71088edf0a4a7d03f1fa225"},
  "aws_signature": {:hex, :aws_signature, "0.4.2", "1b35482c89ff5b91f5ead647a2bbc0d9620877479b44800915de92bacf9f1476", [:rebar3], [], "hexpm", "1df4a2d1dff200c7bdfa8f9f935efc71a51273adfc6dd39a9f2cc937e01baa01"},
  "bamboo": {:hex, :bamboo, "2.5.0", "973f5cb1471a1d2d7d9da7b8e4f6096afb6a133f85394631184fd40be8adb8ab", [:mix], [{:hackney, ">= 1.15.2", [hex: :hackney, repo: "hexpm", optional: false]}, {:jason, "~> 1.0", [hex: :jason, repo: "hexpm", optional: true]}, {:mime, "~> 1.4 or ~> 2.0", [hex: :mime, repo: "hexpm", optional: false]}, {:plug, "~> 1.0", [hex: :plug, repo: "hexpm", optional: false]}], "hexpm", "35c8635ff6677a81ab7258944ff15739280f3254a041b6f0229dddeb9b90ad3d"},
  "bamboo_phoenix": {:hex, :bamboo_phoenix, "1.0.0", "f3cc591ffb163ed0bf935d256f1f4645cd870cf436545601215745fb9cc9953f", [:mix], [{:bamboo, ">= 2.0.0", [hex: :bamboo, repo: "hexpm", optional: false]}, {:phoenix, ">= 1.3.0", [hex: :phoenix, repo: "hexpm", optional: false]}], "hexpm", "6db88fbb26019c84a47994bb2bd879c0887c29ce6c559bc6385fd54eb8b37dee"},
  "bamboo_smtp": {:hex, :bamboo_smtp, "4.2.2", "e9f57a2300df9cb496c48751bd7668a86a2b89aa2e79ccaa34e0c46a5f64c3ae", [:mix], [{:bamboo, "~> 2.2.0", [hex: :bamboo, repo: "hexpm", optional: false]}, {:gen_smtp, "~> 1.2.0", [hex: :gen_smtp, repo: "hexpm", optional: false]}], "hexpm", "28cac2ec8adaae02aed663bf68163992891a3b44cfd7ada0bebe3e09bed7207f"},
  "bandit": {:hex, :bandit, "1.8.0", "c2e93d7e3c5c794272fa4623124f827c6f24b643acc822be64c826f9447d92fb", [:mix], [{:hpax, "~> 1.0", [hex: :hpax, repo: "hexpm", optional: false]}, {:plug, "~> 1.18", [hex: :plug, repo: "hexpm", optional: false]}, {:telemetry, "~> 0.4 or ~> 1.0", [hex: :telemetry, repo: "hexpm", optional: false]}, {:thousand_island, "~> 1.0", [hex: :thousand_island, repo: "hexpm", optional: false]}, {:websock, "~> 0.5", [hex: :websock, repo: "hexpm", optional: false]}], "hexpm", "8458ff4eed20ff2a2ea69d4854883a077c33ea42b51f6811b044ceee0fa15422"},
  "bunt": {:hex, :bunt, "1.0.0", "081c2c665f086849e6d57900292b3a161727ab40431219529f13c4ddcf3e7a44", [:mix], [], "hexpm", "dc5f86aa08a5f6fa6b8096f0735c4e76d54ae5c9fa2c143e5a1fc7c1cd9bb6b5"},
  "cachex": {:hex, :cachex, "3.6.0", "14a1bfbeee060dd9bec25a5b6f4e4691e3670ebda28c8ba2884b12fe30b36bf8", [:mix], [{:eternal, "~> 1.2", [hex: :eternal, repo: "hexpm", optional: false]}, {:jumper, "~> 1.0", [hex: :jumper, repo: "hexpm", optional: false]}, {:sleeplocks, "~> 1.1", [hex: :sleeplocks, repo: "hexpm", optional: false]}, {:unsafe, "~> 1.0", [hex: :unsafe, repo: "hexpm", optional: false]}], "hexpm", "ebf24e373883bc8e0c8d894a63bbe102ae13d918f790121f5cfe6e485cc8e2e2"},
  "canada": {:hex, :canada, "2.0.0", "ce5e058f576a0625959fc5427fcde15311fb28a5ebc13775eafd13468ad16553", [:mix], [], "hexpm", "49a648c48d8b0864380f38f02a7f316bd30fd45602205c48197432b5225d8596"},
  "canary": {:git, "https://github.com/runhyve/canary.git", "0325de359297bb0056d90552d48125ca67ccb801", []},
  "castore": {:hex, :castore, "1.0.17", "4f9770d2d45fbd91dcf6bd404cf64e7e58fed04fadda0923dc32acca0badffa2", [:mix], [], "hexpm", "12d24b9d80b910dd3953e165636d68f147a31db945d2dcb9365e441f8b5351e5"},
  "certifi": {:hex, :certifi, "2.15.0", "0e6e882fcdaaa0a5a9f2b3db55b1394dba07e8d6d9bcad08318fb604c6839712", [:rebar3], [], "hexpm", "b147ed22ce71d72eafdad94f055165c1c182f61a2ff49df28bcc71d1d5b94a60"},
  "cloak": {:hex, :cloak, "1.1.4", "aba387b22ea4d80d92d38ab1890cc528b06e0e7ef2a4581d71c3fdad59e997e7", [:mix], [{:jason, "~> 1.0", [hex: :jason, repo: "hexpm", optional: true]}], "hexpm", "92b20527b9aba3d939fab0dd32ce592ff86361547cfdc87d74edce6f980eb3d7"},
  "cloak_ecto": {:hex, :cloak_ecto, "1.3.0", "0de127c857d7452ba3c3367f53fb814b0410ff9c680a8d20fbe8b9a3c57a1118", [:mix], [{:cloak, "~> 1.1.1", [hex: :cloak, repo: "hexpm", optional: false]}, {:ecto, "~> 3.0", [hex: :ecto, repo: "hexpm", optional: false]}], "hexpm", "314beb0c123b8a800418ca1d51065b27ba3b15f085977e65c0f7b2adab2de1cc"},
  "combine": {:hex, :combine, "0.10.0", "eff8224eeb56498a2af13011d142c5e7997a80c8f5b97c499f84c841032e429f", [:mix], [], "hexpm", "1b1dbc1790073076580d0d1d64e42eae2366583e7aecd455d1215b0d16f2451b"},
  "corsica": {:hex, :corsica, "2.1.3", "dccd094ffce38178acead9ae743180cdaffa388f35f0461ba1e8151d32e190e6", [:mix], [{:plug, "~> 1.0", [hex: :plug, repo: "hexpm", optional: false]}, {:telemetry, "~> 0.4.0 or ~> 1.0", [hex: :telemetry, repo: "hexpm", optional: false]}], "hexpm", "616c08f61a345780c2cf662ff226816f04d8868e12054e68963e95285b5be8bc"},
  "credo": {:hex, :credo, "1.7.14", "c7e75216cea8d978ba8c60ed9dede4cc79a1c99a266c34b3600dd2c33b96bc92", [:mix], [{:bunt, "~> 0.2.1 or ~> 1.0", [hex: :bunt, repo: "hexpm", optional: false]}, {:file_system, "~> 0.2 or ~> 1.0", [hex: :file_system, repo: "hexpm", optional: false]}, {:jason, "~> 1.0", [hex: :jason, repo: "hexpm", optional: false]}], "hexpm", "12a97d6bb98c277e4fb1dff45aaf5c137287416009d214fb46e68147bd9e0203"},
  "credo_envvar": {:hex, :credo_envvar, "0.1.4", "40817c10334e400f031012c0510bfa0d8725c19d867e4ae39cf14f2cbebc3b20", [:mix], [{:credo, "~> 1.0", [hex: :credo, repo: "hexpm", optional: false]}], "hexpm", "5055cdb4bcbaf7d423bc2bb3ac62b4e2d825e2b1e816884c468dee59d0363009"},
  "csv": {:hex, :csv, "2.5.0", "c47b5a5221bf2e56d6e8eb79e77884046d7fd516280dc7d9b674251e0ae46246", [:mix], [{:parallel_stream, "~> 1.0.4 or ~> 1.1.0", [hex: :parallel_stream, repo: "hexpm", optional: false]}], "hexpm", "e821f541487045c7591a1963eeb42afff0dfa99bdcdbeb3410795a2f59c77d34"},
  "dataloader": {:hex, :dataloader, "2.0.2", "c45075e0692e68638a315e14f747bd8d7065fb5f38705cf980f62d4cd344401f", [:mix], [{:ecto, ">= 3.4.3 and < 4.0.0", [hex: :ecto, repo: "hexpm", optional: true]}, {:opentelemetry_process_propagator, "~> 0.2.1 or ~> 0.3", [hex: :opentelemetry_process_propagator, repo: "hexpm", optional: true]}, {:telemetry, "~> 1.0", [hex: :telemetry, repo: "hexpm", optional: false]}], "hexpm", "4c6cabc0b55e96e7de74d14bf37f4a5786f0ab69aa06764a1f39dda40079b098"},
  "db_connection": {:hex, :db_connection, "2.8.1", "9abdc1e68c34c6163f6fb96a96532272d13ad7ca45262156ae8b7ec6d9dc4bec", [:mix], [{:telemetry, "~> 0.4 or ~> 1.0", [hex: :telemetry, repo: "hexpm", optional: false]}], "hexpm", "a61a3d489b239d76f326e03b98794fb8e45168396c925ef25feb405ed09da8fd"},
  "decimal": {:hex, :decimal, "2.3.0", "3ad6255aa77b4a3c4f818171b12d237500e63525c2fd056699967a3e7ea20f62", [:mix], [], "hexpm", "a4d66355cb29cb47c3cf30e71329e58361cfcb37c34235ef3bf1d7bf3773aeac"},
  "dialyxir": {:hex, :dialyxir, "1.4.7", "dda948fcee52962e4b6c5b4b16b2d8fa7d50d8645bbae8b8685c3f9ecb7f5f4d", [:mix], [{:erlex, ">= 0.2.8", [hex: :erlex, repo: "hexpm", optional: false]}], "hexpm", "b34527202e6eb8cee198efec110996c25c5898f43a4094df157f8d28f27d9efe"},
  "ecto": {:hex, :ecto, "3.13.5", "9d4a69700183f33bf97208294768e561f5c7f1ecf417e0fa1006e4a91713a834", [:mix], [{:decimal, "~> 2.0", [hex: :decimal, repo: "hexpm", optional: false]}, {:jason, "~> 1.0", [hex: :jason, repo: "hexpm", optional: true]}, {:telemetry, "~> 0.4 or ~> 1.0", [hex: :telemetry, repo: "hexpm", optional: false]}], "hexpm", "df9efebf70cf94142739ba357499661ef5dbb559ef902b68ea1f3c1fabce36de"},
  "ecto_dev_logger": {:hex, :ecto_dev_logger, "0.15.0", "df5a997ffb17dca9011556857a0f5b7d8cd53ca7c452ef98828664b6e48d4400", [:mix], [{:ecto, "~> 3.7", [hex: :ecto, repo: "hexpm", optional: false]}, {:geo, "~> 3.5 or ~> 4.0", [hex: :geo, repo: "hexpm", optional: true]}, {:jason, "~> 1.0", [hex: :jason, repo: "hexpm", optional: false]}, {:postgrex, "~> 0.17", [hex: :postgrex, repo: "hexpm", optional: true]}], "hexpm", "b2c807d7d599a4fcf288139851c09262333b193bdb41f8d65f515853d117e88a"},
  "ecto_psql_extras": {:hex, :ecto_psql_extras, "0.8.8", "aa02529c97f69aed5722899f5dc6360128735a92dd169f23c5d50b1f7fdede08", [:mix], [{:ecto_sql, "~> 3.7", [hex: :ecto_sql, repo: "hexpm", optional: false]}, {:postgrex, "> 0.16.0", [hex: :postgrex, repo: "hexpm", optional: false]}, {:table_rex, "~> 3.1.1 or ~> 4.0", [hex: :table_rex, repo: "hexpm", optional: false]}], "hexpm", "04c63d92b141723ad6fed2e60a4b461ca00b3594d16df47bbc48f1f4534f2c49"},
  "ecto_sql": {:hex, :ecto_sql, "3.13.3", "81f7067dd1951081888529002dbc71f54e5e891b69c60195040ea44697e1104a", [:mix], [{:db_connection, "~> 2.4.1 or ~> 2.5", [hex: :db_connection, repo: "hexpm", optional: false]}, {:ecto, "~> 3.13.0", [hex: :ecto, repo: "hexpm", optional: false]}, {:myxql, "~> 0.7", [hex: :myxql, repo: "hexpm", optional: true]}, {:postgrex, "~> 0.19 or ~> 1.0", [hex: :postgrex, repo: "hexpm", optional: true]}, {:tds, "~> 2.1.1 or ~> 2.2", [hex: :tds, repo: "hexpm", optional: true]}, {:telemetry, "~> 0.4.0 or ~> 1.0", [hex: :telemetry, repo: "hexpm", optional: false]}], "hexpm", "5751caea36c8f5dd0d1de6f37eceffea19d10bd53f20e5bbe31c45f2efc8944a"},
  "elixir_make": {:hex, :elixir_make, "0.9.0", "6484b3cd8c0cee58f09f05ecaf1a140a8c97670671a6a0e7ab4dc326c3109726", [:mix], [], "hexpm", "db23d4fd8b757462ad02f8aa73431a426fe6671c80b200d9710caf3d1dd0ffdb"},
  "erlex": {:hex, :erlex, "0.2.8", "cd8116f20f3c0afe376d1e8d1f0ae2452337729f68be016ea544a72f767d9c12", [:mix], [], "hexpm", "9d66ff9fedf69e49dc3fd12831e12a8a37b76f8651dd21cd45fcf5561a8a7590"},
  "erlsom": {:hex, :erlsom, "1.5.2", "3e47c53a199136fb4d20d5479edb7c9229f31624534c062633951c8d14dcd276", [:rebar3], [], "hexpm", "4e765cc677fb30509f7b628ff2914e124cf4dcc0fac1c0a62ee4dcee24215b5d"},
  "eternal": {:hex, :eternal, "1.2.2", "d1641c86368de99375b98d183042dd6c2b234262b8d08dfd72b9eeaafc2a1abd", [:mix], [], "hexpm", "2c9fe32b9c3726703ba5e1d43a1d255a4f3f2d8f8f9bc19f094c7cb1a7a9e782"},
  "excoveralls": {:hex, :excoveralls, "0.18.5", "e229d0a65982613332ec30f07940038fe451a2e5b29bce2a5022165f0c9b157e", [:mix], [{:castore, "~> 1.0", [hex: :castore, repo: "hexpm", optional: true]}, {:jason, "~> 1.0", [hex: :jason, repo: "hexpm", optional: false]}], "hexpm", "523fe8a15603f86d64852aab2abe8ddbd78e68579c8525ae765facc5eae01562"},
  "exile": {:hex, :exile, "0.12.0", "48652bf3f200e671523ecbc6763403e5772e51dfecf053d8bdda395b51cb26d8", [:make, :mix], [{:elixir_make, "~> 0.6", [hex: :elixir_make, repo: "hexpm", optional: false]}], "hexpm", "31f1e007ed05496cba57902afe35168f0431c2c0f25ad754b3968ec62045f7e1"},
  "factori": {:hex, :factori, "0.16.0", "6ed924dc87d0e6cffff29450b190d85dc66174c084c80f4d89db712177cdb7f4", [:make, :mix], [{:ecto, "~> 3.0", [hex: :ecto, repo: "hexpm", optional: false]}, {:ecto_sql, "~> 3.0", [hex: :ecto_sql, repo: "hexpm", optional: false]}, {:faker, "~> 0.16", [hex: :faker, repo: "hexpm", optional: false]}], "hexpm", "6e6281ca477ed00a548185cacdee7f8c325b58d92ce6dc5fb0dd6620cc8323ad"},
  "faker": {:hex, :faker, "0.18.0", "943e479319a22ea4e8e39e8e076b81c02827d9302f3d32726c5bf82f430e6e14", [:mix], [], "hexpm", "bfbdd83958d78e2788e99ec9317c4816e651ad05e24cfd1196ce5db5b3e81797"},
  "fast_yaml": {:git, "https://github.com/processone/fast_yaml.git", "e789f68895f71b7ad31057177810ca0161bf790e", [ref: "e789f68895f71b7ad31057177810ca0161bf790e"]},
  "file_system": {:hex, :file_system, "1.1.1", "31864f4685b0148f25bd3fbef2b1228457c0c89024ad67f7a81a3ffbc0bbad3a", [:mix], [], "hexpm", "7a15ff97dfe526aeefb090a7a9d3d03aa907e100e262a0f8f7746b78f8f87a5d"},
  "finch": {:hex, :finch, "0.20.0", "5330aefb6b010f424dcbbc4615d914e9e3deae40095e73ab0c1bb0968933cadf", [:mix], [{:mime, "~> 1.0 or ~> 2.0", [hex: :mime, repo: "hexpm", optional: false]}, {:mint, "~> 1.6.2 or ~> 1.7", [hex: :mint, repo: "hexpm", optional: false]}, {:nimble_options, "~> 0.4 or ~> 1.0", [hex: :nimble_options, repo: "hexpm", optional: false]}, {:nimble_pool, "~> 1.1", [hex: :nimble_pool, repo: "hexpm", optional: false]}, {:telemetry, "~> 0.4 or ~> 1.0", [hex: :telemetry, repo: "hexpm", optional: false]}], "hexpm", "2658131a74d051aabfcba936093c903b8e89da9a1b63e430bee62045fa9b2ee2"},
  "gen_smtp": {:hex, :gen_smtp, "1.2.0", "9cfc75c72a8821588b9b9fe947ae5ab2aed95a052b81237e0928633a13276fd3", [:rebar3], [{:ranch, ">= 1.8.0", [hex: :ranch, repo: "hexpm", optional: false]}], "hexpm", "5ee0375680bca8f20c4d85f58c2894441443a743355430ff33a783fe03296779"},
  "gettext": {:hex, :gettext, "0.20.0", "75ad71de05f2ef56991dbae224d35c68b098dd0e26918def5bb45591d5c8d429", [:mix], [], "hexpm", "1c03b177435e93a47441d7f681a7040bd2a816ece9e2666d1c9001035121eb3d"},
  "goth": {:hex, :goth, "1.4.5", "ee37f96e3519bdecd603f20e7f10c758287088b6d77c0147cd5ee68cf224aade", [:mix], [{:finch, "~> 0.17", [hex: :finch, repo: "hexpm", optional: false]}, {:jason, "~> 1.1", [hex: :jason, repo: "hexpm", optional: false]}, {:jose, "~> 1.11", [hex: :jose, repo: "hexpm", optional: false]}], "hexpm", "0fc2dce5bd710651ed179053d0300ce3a5d36afbdde11e500d57f05f398d5ed5"},
  "hackney": {:hex, :hackney, "1.25.0", "390e9b83f31e5b325b9f43b76e1a785cbdb69b5b6cd4e079aa67835ded046867", [:rebar3], [{:certifi, "~> 2.15.0", [hex: :certifi, repo: "hexpm", optional: false]}, {:idna, "~> 6.1.0", [hex: :idna, repo: "hexpm", optional: false]}, {:metrics, "~> 1.0.0", [hex: :metrics, repo: "hexpm", optional: false]}, {:mimerl, "~> 1.4", [hex: :mimerl, repo: "hexpm", optional: false]}, {:parse_trans, "3.4.1", [hex: :parse_trans, repo: "hexpm", optional: false]}, {:ssl_verify_fun, "~> 1.1.0", [hex: :ssl_verify_fun, repo: "hexpm", optional: false]}, {:unicode_util_compat, "~> 0.7.1", [hex: :unicode_util_compat, repo: "hexpm", optional: false]}], "hexpm", "7209bfd75fd1f42467211ff8f59ea74d6f2a9e81cbcee95a56711ee79fd6b1d4"},
  "hpax": {:hex, :hpax, "1.0.3", "ed67ef51ad4df91e75cc6a1494f851850c0bd98ebc0be6e81b026e765ee535aa", [:mix], [], "hexpm", "8eab6e1cfa8d5918c2ce4ba43588e894af35dbd8e91e6e55c817bca5847df34a"},
  "httpoison": {:hex, :httpoison, "2.3.0", "10eef046405bc44ba77dc5b48957944df8952cc4966364b3cf6aa71dce6de587", [:mix], [{:hackney, "~> 1.21", [hex: :hackney, repo: "hexpm", optional: false]}], "hexpm", "d388ee70be56d31a901e333dbcdab3682d356f651f93cf492ba9f06056436a2c"},
  "idna": {:hex, :idna, "6.1.1", "8a63070e9f7d0c62eb9d9fcb360a7de382448200fbbd1b106cc96d3d8099df8d", [:rebar3], [{:unicode_util_compat, "~> 0.7.0", [hex: :unicode_util_compat, repo: "hexpm", optional: false]}], "hexpm", "92376eb7894412ed19ac475e4a86f7b413c1b9fbb5bd16dccd57934157944cea"},
  "jason": {:hex, :jason, "1.4.4", "b9226785a9aa77b6857ca22832cffa5d5011a667207eb2a0ad56adb5db443b8a", [:mix], [{:decimal, "~> 1.0 or ~> 2.0", [hex: :decimal, repo: "hexpm", optional: true]}], "hexpm", "c5eb0cab91f094599f94d55bc63409236a8ec69a21a67814529e8d5f6cc90b3b"},
  "jose": {:hex, :jose, "1.11.12", "06e62b467b61d3726cbc19e9b5489f7549c37993de846dfb3ee8259f9ed208b3", [:mix, :rebar3], [], "hexpm", "31e92b653e9210b696765cdd885437457de1add2a9011d92f8cf63e4641bab7b"},
  "jsone": {:hex, :jsone, "1.9.0", "2242dc76859db74e27ae6b6209bbf4f03651b8eddb53fa8002a931d35953e9b6", [:rebar3], [], "hexpm", "6863dcf95a7fc26094eaaff0d72522d58fe22719b4758afb75a21735bc92646d"},
  "jumper": {:hex, :jumper, "1.0.2", "68cdcd84472a00ac596b4e6459a41b3062d4427cbd4f1e8c8793c5b54f1406a7", [:mix], [], "hexpm", "9b7782409021e01ab3c08270e26f36eb62976a38c1aa64b2eaf6348422f165e1"},
  "meck": {:hex, :meck, "0.9.2", "85ccbab053f1db86c7ca240e9fc718170ee5bda03810a6292b5306bf31bae5f5", [:rebar3], [], "hexpm", "81344f561357dc40a8344afa53767c32669153355b626ea9fcbc8da6b3045826"},
  "metrics": {:hex, :metrics, "1.0.1", "25f094dea2cda98213cecc3aeff09e940299d950904393b2a29d191c346a8486", [:rebar3], [], "hexpm", "69b09adddc4f74a40716ae54d140f93beb0fb8978d8636eaded0c31b6f099f16"},
  "mime": {:hex, :mime, "2.0.7", "b8d739037be7cd402aee1ba0306edfdef982687ee7e9859bee6198c1e7e2f128", [:mix], [], "hexpm", "6171188e399ee16023ffc5b76ce445eb6d9672e2e241d2df6050f3c771e80ccd"},
  "mimerl": {:hex, :mimerl, "1.4.0", "3882a5ca67fbbe7117ba8947f27643557adec38fa2307490c4c4207624cb213b", [:rebar3], [], "hexpm", "13af15f9f68c65884ecca3a3891d50a7b57d82152792f3e19d88650aa126b144"},
  "mint": {:hex, :mint, "1.7.1", "113fdb2b2f3b59e47c7955971854641c61f378549d73e829e1768de90fc1abf1", [:mix], [{:castore, "~> 0.1.0 or ~> 1.0", [hex: :castore, repo: "hexpm", optional: true]}, {:hpax, "~> 0.1.1 or ~> 0.2.0 or ~> 1.0", [hex: :hpax, repo: "hexpm", optional: false]}], "hexpm", "fceba0a4d0f24301ddee3024ae116df1c3f4bb7a563a731f45fdfeb9d39a231b"},
  "mochiweb": {:hex, :mochiweb, "3.3.0", "2898ad0bfeee234e4cbae623c7052abc3ff0d73d499ba6e6ffef445b13ffd07a", [:rebar3], [], "hexpm", "aa85b777fb23e9972ebc424e40b5d35106f19bc998873e026dedd876df8ee50c"},
  "mock": {:hex, :mock, "0.3.9", "10e44ad1f5962480c5c9b9fa779c6c63de9bd31997c8e04a853ec990a9d841af", [:mix], [{:meck, "~> 0.9.2", [hex: :meck, repo: "hexpm", optional: false]}], "hexpm", "9e1b244c4ca2551bb17bb8415eed89e40ee1308e0fbaed0a4fdfe3ec8a4adbd3"},
  "mox": {:hex, :mox, "1.2.0", "a2cd96b4b80a3883e3100a221e8adc1b98e4c3a332a8fc434c39526babafd5b3", [:mix], [{:nimble_ownership, "~> 1.0", [hex: :nimble_ownership, repo: "hexpm", optional: false]}], "hexpm", "c7b92b3cc69ee24a7eeeaf944cd7be22013c52fcb580c1f33f50845ec821089a"},
  "new_relic_absinthe": {:hex, :new_relic_absinthe, "0.0.5", "fbf8e7db64c01d78bebcd38834583804ed44dc173cfd033cc5623b438b62e43d", [:mix], [{:new_relic_agent, ">= 1.31.0", [hex: :new_relic_agent, repo: "hexpm", optional: false]}], "hexpm", "5e700f035d799f2253c9967956ae9c82724a1fb9e40db3a02aa7b5895bb7034e"},
  "new_relic_agent": {:hex, :new_relic_agent, "1.40.2", "ee9eca0c5e41230ba3654c9fc2802b07854cd274a3ea508ee0aba519937d53a1", [:mix], [{:absinthe, ">= 1.6.0", [hex: :absinthe, repo: "hexpm", optional: true]}, {:bandit, ">= 1.0.0", [hex: :bandit, repo: "hexpm", optional: true]}, {:castore, ">= 0.1.0", [hex: :castore, repo: "hexpm", optional: false]}, {:ecto, ">= 3.9.5", [hex: :ecto, repo: "hexpm", optional: true]}, {:ecto_sql, ">= 3.4.0", [hex: :ecto_sql, repo: "hexpm", optional: true]}, {:finch, ">= 0.18.0", [hex: :finch, repo: "hexpm", optional: true]}, {:jason, "~> 1.0", [hex: :jason, repo: "hexpm", optional: true]}, {:oban, ">= 2.0.0", [hex: :oban, repo: "hexpm", optional: true]}, {:phoenix, ">= 1.5.5", [hex: :phoenix, repo: "hexpm", optional: true]}, {:plug, ">= 1.10.4", [hex: :plug, repo: "hexpm", optional: true]}, {:plug_cowboy, ">= 2.4.0", [hex: :plug_cowboy, repo: "hexpm", optional: true]}, {:redix, ">= 0.11.0", [hex: :redix, repo: "hexpm", optional: true]}, {:telemetry, "~> 0.4 or ~> 1.0", [hex: :telemetry, repo: "hexpm", optional: false]}], "hexpm", "fa88cb33db0721ef8dcf65e192aa3592a684b446e9439ea836cfbd4231ead425"},
  "nimble_options": {:hex, :nimble_options, "1.1.1", "e3a492d54d85fc3fd7c5baf411d9d2852922f66e69476317787a7b2bb000a61b", [:mix], [], "hexpm", "821b2470ca9442c4b6984882fe9bb0389371b8ddec4d45a9504f00a66f650b44"},
  "nimble_ownership": {:hex, :nimble_ownership, "1.0.2", "fa8a6f2d8c592ad4d79b2ca617473c6aefd5869abfa02563a77682038bf916cf", [:mix], [], "hexpm", "098af64e1f6f8609c6672127cfe9e9590a5d3fcdd82bc17a377b8692fd81a879"},
  "nimble_parsec": {:hex, :nimble_parsec, "1.4.2", "8efba0122db06df95bfaa78f791344a89352ba04baedd3849593bfce4d0dc1c6", [:mix], [], "hexpm", "4b21398942dda052b403bbe1da991ccd03a053668d147d53fb8c4e0efe09c973"},
  "nimble_pool": {:hex, :nimble_pool, "1.1.0", "bf9c29fbdcba3564a8b800d1eeb5a3c58f36e1e11d7b7fb2e084a643f645f06b", [:mix], [], "hexpm", "af2e4e6b34197db81f7aad230c1118eac993acc0dae6bc83bac0126d4ae0813a"},
  "oauth2": {:hex, :oauth2, "2.1.0", "beb657f393814a3a7a8a15bd5e5776ecae341fd344df425342a3b6f1904c2989", [:mix], [{:tesla, "~> 1.5", [hex: :tesla, repo: "hexpm", optional: false]}], "hexpm", "8ac07f85b3307dd1acfeb0ec852f64161b22f57d0ce0c15e616a1dfc8ebe2b41"},
  "oban": {:hex, :oban, "2.20.2", "f23313d83b578305cafa825a036cad84e7e2d61549ecbece3a2e6526d347cc3b", [:mix], [{:ecto_sql, "~> 3.10", [hex: :ecto_sql, repo: "hexpm", optional: false]}, {:ecto_sqlite3, "~> 0.9", [hex: :ecto_sqlite3, repo: "hexpm", optional: true]}, {:igniter, "~> 0.5", [hex: :igniter, repo: "hexpm", optional: true]}, {:jason, "~> 1.1", [hex: :jason, repo: "hexpm", optional: true]}, {:myxql, "~> 0.7", [hex: :myxql, repo: "hexpm", optional: true]}, {:postgrex, "~> 0.20", [hex: :postgrex, repo: "hexpm", optional: true]}, {:telemetry, "~> 1.3", [hex: :telemetry, repo: "hexpm", optional: false]}], "hexpm", "523365ef0217781c061d15f496e3200a5f1b43e08b1a27c34799ef8bfe95815f"},
  "openid_connect": {:hex, :openid_connect, "0.2.2", "c05055363330deab39ffd89e609db6b37752f255a93802006d83b45596189c0b", [:mix], [{:httpoison, "~> 1.2", [hex: :httpoison, repo: "hexpm", optional: false]}, {:jason, ">= 1.0.0", [hex: :jason, repo: "hexpm", optional: false]}, {:jose, "~> 1.8", [hex: :jose, repo: "hexpm", optional: false]}], "hexpm", "735769b6d592124b58edd0582554ce638524c0214cd783d8903d33357d74cc13"},
  "p1_utils": {:hex, :p1_utils, "1.0.15", "731f76ae1f31f4554afb2ae629cb5589d53bd13efc72b11f5a7c3b1242f91046", [:rebar3], [], "hexpm", "1d308c3f37d7f770fb39abe3b86701b82d54414bc2499d9499edde3cb50bcf19"},
  "parallel_stream": {:hex, :parallel_stream, "1.1.0", "f52f73eb344bc22de335992377413138405796e0d0ad99d995d9977ac29f1ca9", [:mix], [], "hexpm", "684fd19191aedfaf387bbabbeb8ff3c752f0220c8112eb907d797f4592d6e871"},
  "parse_trans": {:hex, :parse_trans, "3.4.1", "6e6aa8167cb44cc8f39441d05193be6e6f4e7c2946cb2759f015f8c56b76e5ff", [:rebar3], [], "hexpm", "620a406ce75dada827b82e453c19cf06776be266f5a67cff34e1ef2cbb60e49a"},
  "phoenix": {:hex, :phoenix, "1.8.3", "49ac5e485083cb1495a905e47eb554277bdd9c65ccb4fc5100306b350151aa95", [:mix], [{:bandit, "~> 1.0", [hex: :bandit, repo: "hexpm", optional: true]}, {:jason, "~> 1.0", [hex: :jason, repo: "hexpm", optional: true]}, {:phoenix_pubsub, "~> 2.1", [hex: :phoenix_pubsub, repo: "hexpm", optional: false]}, {:phoenix_template, "~> 1.0", [hex: :phoenix_template, repo: "hexpm", optional: false]}, {:phoenix_view, "~> 2.0", [hex: :phoenix_view, repo: "hexpm", optional: true]}, {:plug, "~> 1.14", [hex: :plug, repo: "hexpm", optional: false]}, {:plug_cowboy, "~> 2.7", [hex: :plug_cowboy, repo: "hexpm", optional: true]}, {:plug_crypto, "~> 1.2 or ~> 2.0", [hex: :plug_crypto, repo: "hexpm", optional: false]}, {:telemetry, "~> 0.4 or ~> 1.0", [hex: :telemetry, repo: "hexpm", optional: false]}, {:websock_adapter, "~> 0.5.3", [hex: :websock_adapter, repo: "hexpm", optional: false]}], "hexpm", "36169f95cc2e155b78be93d9590acc3f462f1e5438db06e6248613f27c80caec"},
  "phoenix_ecto": {:hex, :phoenix_ecto, "4.7.0", "75c4b9dfb3efdc42aec2bd5f8bccd978aca0651dbcbc7a3f362ea5d9d43153c6", [:mix], [{:ecto, "~> 3.5", [hex: :ecto, repo: "hexpm", optional: false]}, {:phoenix_html, "~> 2.14.2 or ~> 3.0 or ~> 4.1", [hex: :phoenix_html, repo: "hexpm", optional: true]}, {:plug, "~> 1.9", [hex: :plug, repo: "hexpm", optional: false]}, {:postgrex, "~> 0.16 or ~> 1.0", [hex: :postgrex, repo: "hexpm", optional: true]}], "hexpm", "1d75011e4254cb4ddf823e81823a9629559a1be93b4321a6a5f11a5306fbf4cc"},
  "phoenix_html": {:hex, :phoenix_html, "3.3.4", "42a09fc443bbc1da37e372a5c8e6755d046f22b9b11343bf885067357da21cb3", [:mix], [{:plug, "~> 1.5", [hex: :plug, repo: "hexpm", optional: true]}], "hexpm", "0249d3abec3714aff3415e7ee3d9786cb325be3151e6c4b3021502c585bf53fb"},
  "phoenix_live_reload": {:hex, :phoenix_live_reload, "1.6.2", "b18b0773a1ba77f28c52decbb0f10fd1ac4d3ae5b8632399bbf6986e3b665f62", [:mix], [{:file_system, "~> 0.2.10 or ~> 1.0", [hex: :file_system, repo: "hexpm", optional: false]}, {:phoenix, "~> 1.4", [hex: :phoenix, repo: "hexpm", optional: false]}], "hexpm", "d1f89c18114c50d394721365ffb428cce24f1c13de0467ffa773e2ff4a30d5b9"},
  "phoenix_live_view": {:hex, :phoenix_live_view, "1.1.18", "b5410017b3d4edf261d9c98ebc334e0637d7189457c730720cfc13e206443d43", [:mix], [{:igniter, ">= 0.6.16 and < 1.0.0-0", [hex: :igniter, repo: "hexpm", optional: true]}, {:jason, "~> 1.0", [hex: :jason, repo: "hexpm", optional: true]}, {:lazy_html, "~> 0.1.0", [hex: :lazy_html, repo: "hexpm", optional: true]}, {:phoenix, "~> 1.6.15 or ~> 1.7.0 or ~> 1.8.0-rc", [hex: :phoenix, repo: "hexpm", optional: false]}, {:phoenix_html, "~> 3.3 or ~> 4.0", [hex: :phoenix_html, repo: "hexpm", optional: false]}, {:phoenix_template, "~> 1.0", [hex: :phoenix_template, repo: "hexpm", optional: false]}, {:phoenix_view, "~> 2.0", [hex: :phoenix_view, repo: "hexpm", optional: true]}, {:plug, "~> 1.15", [hex: :plug, repo: "hexpm", optional: false]}, {:telemetry, "~> 0.4.2 or ~> 1.0", [hex: :telemetry, repo: "hexpm", optional: false]}], "hexpm", "f189b759595feff0420e9a1d544396397f9cf9e2d5a8cb98ba5b6cab01927da0"},
  "phoenix_pubsub": {:hex, :phoenix_pubsub, "2.2.0", "ff3a5616e1bed6804de7773b92cbccfc0b0f473faf1f63d7daf1206c7aeaaa6f", [:mix], [], "hexpm", "adc313a5bf7136039f63cfd9668fde73bba0765e0614cba80c06ac9460ff3e96"},
  "phoenix_template": {:hex, :phoenix_template, "1.0.4", "e2092c132f3b5e5b2d49c96695342eb36d0ed514c5b252a77048d5969330d639", [:mix], [{:phoenix_html, "~> 2.14.2 or ~> 3.0 or ~> 4.0", [hex: :phoenix_html, repo: "hexpm", optional: true]}], "hexpm", "2c0c81f0e5c6753faf5cca2f229c9709919aba34fab866d3bc05060c9c444206"},
  "phoenix_view": {:hex, :phoenix_view, "2.0.4", "b45c9d9cf15b3a1af5fb555c674b525391b6a1fe975f040fb4d913397b31abf4", [:mix], [{:phoenix_html, "~> 2.14.2 or ~> 3.0 or ~> 4.0", [hex: :phoenix_html, repo: "hexpm", optional: true]}, {:phoenix_template, "~> 1.0", [hex: :phoenix_template, repo: "hexpm", optional: false]}], "hexpm", "4e992022ce14f31fe57335db27a28154afcc94e9983266835bb3040243eb620b"},
  "php_assoc_map": {:hex, :php_assoc_map, "3.0.0", "1572875370c8de234b43e897f241b588489168913fde24bf90349221989cbd95", [:mix], [], "hexpm", "51cf0fa9a480eae3d5ba8276a3cb6998334e03343d1d00a3171a15d457d0adc4"},
  "plug": {:hex, :plug, "1.19.1", "09bac17ae7a001a68ae393658aa23c7e38782be5c5c00c80be82901262c394c0", [:mix], [{:mime, "~> 1.0 or ~> 2.0", [hex: :mime, repo: "hexpm", optional: false]}, {:plug_crypto, "~> 1.1.1 or ~> 1.2 or ~> 2.0", [hex: :plug_crypto, repo: "hexpm", optional: false]}, {:telemetry, "~> 0.4.3 or ~> 1.0", [hex: :telemetry, repo: "hexpm", optional: false]}], "hexpm", "560a0017a8f6d5d30146916862aaf9300b7280063651dd7e532b8be168511e62"},
  "plug_assign": {:hex, :plug_assign, "2.0.2", "19e827d254711a93b8ef1eab07b6b0932f2bc649f80b8245ad9e73e381a3064f", [:mix], [{:plug, "~> 1.15", [hex: :plug, repo: "hexpm", optional: false]}], "hexpm", "0d8d72961d2d838aaddf020d49ad6f83270d7d9e2bc420458d33bb795d012810"},
  "plug_canonical_host": {:hex, :plug_canonical_host, "2.0.3", "3d96c3340cc8a434eb6758a4a34de6c152bd781be96bb8439545da2d17ecf576", [:make, :mix], [{:plug, "~> 1.0", [hex: :plug, repo: "hexpm", optional: false]}], "hexpm", "aca98ac6d0036391b84d5a40af6f946c839fb0d588bf0064029a2e8931431ea6"},
  "plug_crypto": {:hex, :plug_crypto, "2.1.1", "19bda8184399cb24afa10be734f84a16ea0a2bc65054e23a62bb10f06bc89491", [:mix], [], "hexpm", "6470bce6ffe41c8bd497612ffde1a7e4af67f36a15eea5f921af71cf3e11247c"},
  "postgrex": {:hex, :postgrex, "0.21.1", "2c5cc830ec11e7a0067dd4d623c049b3ef807e9507a424985b8dcf921224cd88", [:mix], [{:db_connection, "~> 2.1", [hex: :db_connection, repo: "hexpm", optional: false]}, {:decimal, "~> 1.5 or ~> 2.0", [hex: :decimal, repo: "hexpm", optional: false]}, {:jason, "~> 1.0", [hex: :jason, repo: "hexpm", optional: true]}, {:table, "~> 0.1.0", [hex: :table, repo: "hexpm", optional: true]}], "hexpm", "27d8d21c103c3cc68851b533ff99eef353e6a0ff98dc444ea751de43eb48bdac"},
  "ranch": {:hex, :ranch, "2.2.0", "25528f82bc8d7c6152c57666ca99ec716510fe0925cb188172f41ce93117b1b0", [:make, :rebar3], [], "hexpm", "fa0b99a1780c80218a4197a59ea8d3bdae32fbff7e88527d7d8a4787eff4f8e7"},
  "rustler_precompiled": {:hex, :rustler_precompiled, "0.8.4", "700a878312acfac79fb6c572bb8b57f5aae05fe1cf70d34b5974850bbf2c05bf", [:mix], [{:castore, "~> 0.1 or ~> 1.0", [hex: :castore, repo: "hexpm", optional: false]}, {:rustler, "~> 0.23", [hex: :rustler, repo: "hexpm", optional: true]}], "hexpm", "3b33d99b540b15f142ba47944f7a163a25069f6d608783c321029bc1ffb09514"},
  "scrivener": {:hex, :scrivener, "2.7.2", "1d913c965ec352650a7f864ad7fd8d80462f76a32f33d57d1e48bc5e9d40aba2", [:mix], [], "hexpm", "7866a0ec4d40274efbee1db8bead13a995ea4926ecd8203345af8f90d2b620d9"},
  "scrivener_ecto": {:hex, :scrivener_ecto, "2.7.1", "b8ca910c11429748d3c2d86f0e095abc6d0c49779c7fc5ac5db195e121c46a91", [:mix], [{:ecto, ">= 3.3.0 and < 3.12.0", [hex: :ecto, repo: "hexpm", optional: false]}, {:scrivener, "~> 2.4", [hex: :scrivener, repo: "hexpm", optional: false]}], "hexpm", "f5c2f7db1fdcdfe9583ba378689c6ac20fd2af2c476378a017c03c950ac82c3e"},
  "sentry": {:hex, :sentry, "7.2.5", "570db92c3bbacd6ad02ac81cba8ac5af11235a55d65ac4375e3ec833975b83d3", [:mix], [{:hackney, "1.6.5 or ~> 1.8", [hex: :hackney, repo: "hexpm", optional: false]}, {:jason, "~> 1.1", [hex: :jason, repo: "hexpm", optional: true]}, {:phoenix, "~> 1.3", [hex: :phoenix, repo: "hexpm", optional: true]}, {:plug, "~> 1.6", [hex: :plug, repo: "hexpm", optional: true]}, {:plug_cowboy, "~> 1.0 or ~> 2.0", [hex: :plug_cowboy, repo: "hexpm", optional: true]}], "hexpm", "ea84ed6848505ff2a246567df562f465d2b34c317d3ecba7c7df58daa56e5e5d"},
  "sleeplocks": {:hex, :sleeplocks, "1.1.3", "96a86460cc33b435c7310dbd27ec82ca2c1f24ae38e34f8edde97f756503441a", [:rebar3], [], "hexpm", "d3b3958552e6eb16f463921e70ae7c767519ef8f5be46d7696cc1ed649421321"},
  "ssl_verify_fun": {:hex, :ssl_verify_fun, "1.1.7", "354c321cf377240c7b8716899e182ce4890c5938111a1296add3ec74cf1715df", [:make, :mix, :rebar3], [], "hexpm", "fe4c190e8f37401d30167c8c405eda19469f34577987c76dde613e838bbc67f8"},
  "styler": {:hex, :styler, "1.10.0", "343f1f7bb19a8893c2841a9ae90665b68d2edf6cc37b964a5099e60c78815c2e", [:mix], [], "hexpm", "6a78876611869466139e63722df4cbbb56b18a842d88c19f23ca844d914ad91a"},
  "table": {:hex, :table, "0.1.2", "87ad1125f5b70c5dea0307aa633194083eb5182ec537efc94e96af08937e14a8", [:mix], [], "hexpm", "7e99bc7efef806315c7e65640724bf165c3061cdc5d854060f74468367065029"},
  "table_rex": {:hex, :table_rex, "4.1.0", "fbaa8b1ce154c9772012bf445bfb86b587430fb96f3b12022d3f35ee4a68c918", [:mix], [], "hexpm", "95932701df195d43bc2d1c6531178fc8338aa8f38c80f098504d529c43bc2601"},
  "telemetry": {:hex, :telemetry, "1.3.0", "fedebbae410d715cf8e7062c96a1ef32ec22e764197f70cda73d82778d61e7a2", [:rebar3], [], "hexpm", "7015fc8919dbe63764f4b4b87a95b7c0996bd539e0d499be6ec9d7f3875b79e6"},
  "telemetry_metrics": {:hex, :telemetry_metrics, "1.1.0", "5bd5f3b5637e0abea0426b947e3ce5dd304f8b3bc6617039e2b5a008adc02f8f", [:mix], [{:telemetry, "~> 0.4 or ~> 1.0", [hex: :telemetry, repo: "hexpm", optional: false]}], "hexpm", "e7b79e8ddfde70adb6db8a6623d1778ec66401f366e9a8f5dd0955c56bc8ce67"},
  "telemetry_poller": {:hex, :telemetry_poller, "1.3.0", "d5c46420126b5ac2d72bc6580fb4f537d35e851cc0f8dbd571acf6d6e10f5ec7", [:rebar3], [{:telemetry, "~> 1.0", [hex: :telemetry, repo: "hexpm", optional: false]}], "hexpm", "51f18bed7128544a50f75897db9974436ea9bfba560420b646af27a9a9b35211"},
  "telemetry_ui": {:hex, :telemetry_ui, "5.3.2", "182027d67b956353ccb770834efd3b3eef26ea3b020ab64c4682bfde00c2fc1c", [:mix], [{:ecto, "~> 3.0", [hex: :ecto, repo: "hexpm", optional: false]}, {:ecto_sql, "~> 3.0", [hex: :ecto_sql, repo: "hexpm", optional: false]}, {:jason, "~> 1.0", [hex: :jason, repo: "hexpm", optional: true]}, {:oban, "~> 2.13", [hex: :oban, repo: "hexpm", optional: true]}, {:phoenix, "~> 1.4", [hex: :phoenix, repo: "hexpm", optional: false]}, {:phoenix_ecto, "~> 4.4", [hex: :phoenix_ecto, repo: "hexpm", optional: false]}, {:phoenix_html, "~> 3.0 or ~> 4.0", [hex: :phoenix_html, repo: "hexpm", optional: false]}, {:phoenix_live_view, "~> 0.18 or ~> 1.0", [hex: :phoenix_live_view, repo: "hexpm", optional: false]}, {:postgrex, "~> 0.16", [hex: :postgrex, repo: "hexpm", optional: false]}, {:telemetry, "~> 1.0", [hex: :telemetry, repo: "hexpm", optional: false]}, {:telemetry_metrics, ">= 0.6.0", [hex: :telemetry_metrics, repo: "hexpm", optional: false]}, {:telemetry_poller, "~> 1.0", [hex: :telemetry_poller, repo: "hexpm", optional: false]}, {:vega_lite, "~> 0.1", [hex: :vega_lite, repo: "hexpm", optional: false]}, {:vega_lite_convert, "~> 1.0", [hex: :vega_lite_convert, repo: "hexpm", optional: false]}], "hexpm", "42e37d6c96afba0e92cbdec4906faa5a245a8c787f9113b228e244950fb299bd"},
  "tesla": {:hex, :tesla, "1.15.3", "3a2b5c37f09629b8dcf5d028fbafc9143c0099753559d7fe567eaabfbd9b8663", [:mix], [{:castore, "~> 0.1 or ~> 1.0", [hex: :castore, repo: "hexpm", optional: true]}, {:exjsx, ">= 3.0.0", [hex: :exjsx, repo: "hexpm", optional: true]}, {:finch, "~> 0.13", [hex: :finch, repo: "hexpm", optional: true]}, {:fuse, "~> 2.4", [hex: :fuse, repo: "hexpm", optional: true]}, {:gun, ">= 1.0.0", [hex: :gun, repo: "hexpm", optional: true]}, {:hackney, "~> 1.21", [hex: :hackney, repo: "hexpm", optional: true]}, {:ibrowse, "4.4.2", [hex: :ibrowse, repo: "hexpm", optional: true]}, {:jason, ">= 1.0.0", [hex: :jason, repo: "hexpm", optional: true]}, {:mime, "~> 1.0 or ~> 2.0", [hex: :mime, repo: "hexpm", optional: false]}, {:mint, "~> 1.0", [hex: :mint, repo: "hexpm", optional: true]}, {:mox, "~> 1.0", [hex: :mox, repo: "hexpm", optional: true]}, {:msgpax, "~> 2.3", [hex: :msgpax, repo: "hexpm", optional: true]}, {:poison, ">= 1.0.0", [hex: :poison, repo: "hexpm", optional: true]}, {:telemetry, "~> 0.4 or ~> 1.0", [hex: :telemetry, repo: "hexpm", optional: true]}], "hexpm", "98bb3d4558abc67b92fb7be4cd31bb57ca8d80792de26870d362974b58caeda7"},
  "thousand_island": {:hex, :thousand_island, "1.4.2", "735fa783005d1703359bbd2d3a5a3a398075ba4456e5afe3c5b7cf4666303d36", [:mix], [{:telemetry, "~> 0.4 or ~> 1.0", [hex: :telemetry, repo: "hexpm", optional: false]}], "hexpm", "1c7637f16558fc1c35746d5ee0e83b18b8e59e18d28affd1f2fa1645f8bc7473"},
  "timex": {:hex, :timex, "3.7.12", "7b0f19ad56def0b9497dca008380fca3f7e6f16f55406efb0351df57d7e39036", [:mix], [{:combine, "~> 0.10", [hex: :combine, repo: "hexpm", optional: false]}, {:gettext, "~> 0.20", [hex: :gettext, repo: "hexpm", optional: false]}, {:tzdata, "~> 1.1", [hex: :tzdata, repo: "hexpm", optional: false]}], "hexpm", "220dc675e8afca1762568dad874d8fbc8a0a0ccb25a4d1bde8f7cf006707e04f"},
  "tls_certificate_check": {:hex, :tls_certificate_check, "1.31.0", "9a910b54d8cb96cc810cabf4c0129f21360f82022b20180849f1442a25ccbb04", [:rebar3], [{:ssl_verify_fun, "~> 1.1", [hex: :ssl_verify_fun, repo: "hexpm", optional: false]}], "hexpm", "9d2b41b128d5507bd8ad93e1a998e06d0ab2f9a772af343f4c00bf76c6be1532"},
  "tzdata": {:hex, :tzdata, "1.1.3", "b1cef7bb6de1de90d4ddc25d33892b32830f907e7fc2fccd1e7e22778ab7dfbc", [:mix], [{:hackney, "~> 1.17", [hex: :hackney, repo: "hexpm", optional: false]}], "hexpm", "d4ca85575a064d29d4e94253ee95912edfb165938743dbf002acdf0dcecb0c28"},
  "ueberauth": {:hex, :ueberauth, "0.10.8", "ba78fbcbb27d811a6cd06ad851793aaf7d27c3b30c9e95349c2c362b344cd8f0", [:mix], [{:plug, "~> 1.5", [hex: :plug, repo: "hexpm", optional: false]}], "hexpm", "f2d3172e52821375bccb8460e5fa5cb91cfd60b19b636b6e57e9759b6f8c10c1"},
  "ueberauth_auth0": {:hex, :ueberauth_auth0, "2.1.0", "0632d5844049fa2f26823f15e1120aa32f27df6f27ce515a4b04641736594bf4", [:mix], [{:oauth2, "~> 2.0", [hex: :oauth2, repo: "hexpm", optional: false]}, {:ueberauth, "~> 0.7", [hex: :ueberauth, repo: "hexpm", optional: false]}], "hexpm", "8d3b30fa27c95c9e82c30c4afb016251405706d2e9627e603c3c9787fd1314fc"},
  "ueberauth_discord": {:hex, :ueberauth_discord, "0.7.0", "463f6dfe1ed10a76739331ce8e1dd3600ab611f10524dd828eb3aa50e76e9d43", [:mix], [{:oauth2, "~> 1.0 or ~> 2.0", [hex: :oauth2, repo: "hexpm", optional: false]}, {:ueberauth, "~> 0.7", [hex: :ueberauth, repo: "hexpm", optional: false]}], "hexpm", "d6f98ef91abb4ddceada4b7acba470e0e68c4d2de9735ff2f24172a8e19896b4"},
  "ueberauth_github": {:hex, :ueberauth_github, "0.8.3", "1c478629b4c1dae446c68834b69194ad5cead3b6c67c913db6fdf64f37f0328f", [:mix], [{:oauth2, "~> 1.0 or ~> 2.0", [hex: :oauth2, repo: "hexpm", optional: false]}, {:ueberauth, "~> 0.7", [hex: :ueberauth, repo: "hexpm", optional: false]}], "hexpm", "ae0ab2879c32cfa51d7287a48219b262bfdab0b7ec6629f24160564247493cc6"},
  "ueberauth_google": {:hex, :ueberauth_google, "0.12.1", "90cf49743588193334f7a00da252f92d90bfd178d766c0e4291361681fafec7d", [:mix], [{:oauth2, "~> 1.0 or ~> 2.0", [hex: :oauth2, repo: "hexpm", optional: false]}, {:ueberauth, "~> 0.10.0", [hex: :ueberauth, repo: "hexpm", optional: false]}], "hexpm", "7f7deacd679b2b66e3bffb68ecc77aa1b5396a0cbac2941815f253128e458c38"},
  "ueberauth_microsoft": {:hex, :ueberauth_microsoft, "0.24.0", "aca07c0cb62f899f80087436c67597e0769e1ddacdb2e8f5dc0e21974b0f1a87", [:mix], [{:oauth2, "~> 1.0 or ~> 2.0", [hex: :oauth2, repo: "hexpm", optional: false]}, {:ueberauth, "~> 0.7", [hex: :ueberauth, repo: "hexpm", optional: false]}], "hexpm", "b86c16dbbdcda40231054a77e660646b9870255c8741f7e7491ba4542d11d281"},
  "ueberauth_oidc": {:hex, :ueberauth_oidc, "0.1.7", "d610cbe5ef09881dff52126906b130307adcf02791ce158c1847fd50949b283a", [:mix], [{:httpoison, "~> 1.8", [hex: :httpoison, repo: "hexpm", optional: false]}, {:jose, "~> 1.11", [hex: :jose, repo: "hexpm", optional: false]}, {:openid_connect, "~> 0.2.2", [hex: :openid_connect, repo: "hexpm", optional: false]}, {:plug, "~> 1.11", [hex: :plug, repo: "hexpm", optional: false]}, {:ueberauth, "~> 0.7", [hex: :ueberauth, repo: "hexpm", optional: false]}], "hexpm", "34d612f66a5425af4142d6c9dece887c60188c31e1dc113e5ee8cecdc6c5e8a9"},
  "unicode_util_compat": {:hex, :unicode_util_compat, "0.7.1", "a48703a25c170eedadca83b11e88985af08d35f37c6f664d6dcfb106a97782fc", [:rebar3], [], "hexpm", "b3a917854ce3ae233619744ad1e0102e05673136776fb2fa76234f3e03b23642"},
  "unsafe": {:hex, :unsafe, "1.0.2", "23c6be12f6c1605364801f4b47007c0c159497d0446ad378b5cf05f1855c0581", [:mix], [], "hexpm", "b485231683c3ab01a9cd44cb4a79f152c6f3bb87358439c6f68791b85c2df675"},
  "vega_lite": {:hex, :vega_lite, "0.1.11", "2b261d21618f6fa9f63bb4542f0262982d2e40aea3f83e935788fe172902b3c2", [:mix], [{:table, "~> 0.1.0", [hex: :table, repo: "hexpm", optional: false]}], "hexpm", "d18c3f11369c14bdf36ab53010c06bf5505c221cbcb32faac7420cf6926b3c50"},
  "vega_lite_convert": {:hex, :vega_lite_convert, "1.0.1", "1cc0309998c10bce9d944ae631938a433e9cad4ccf7344f9a192d9ddcab1bd93", [:mix], [{:jason, "~> 1.4", [hex: :jason, repo: "hexpm", optional: false]}, {:rustler, ">= 0.0.0", [hex: :rustler, repo: "hexpm", optional: true]}, {:rustler_precompiled, "~> 0.4", [hex: :rustler_precompiled, repo: "hexpm", optional: false]}, {:vega_lite, ">= 0.0.0", [hex: :vega_lite, repo: "hexpm", optional: false]}], "hexpm", "1e12b4ef3943510d3597e4876a10c6ab333b8ee71204b5e571605d80aa3cbd76"},
  "websock": {:hex, :websock, "0.5.3", "2f69a6ebe810328555b6fe5c831a851f485e303a7c8ce6c5f675abeb20ebdadc", [:mix], [], "hexpm", "6105453d7fac22c712ad66fab1d45abdf049868f253cf719b625151460b8b453"},
  "websock_adapter": {:hex, :websock_adapter, "0.5.9", "43dc3ba6d89ef5dec5b1d0a39698436a1e856d000d84bf31a3149862b01a287f", [:mix], [{:bandit, ">= 0.6.0", [hex: :bandit, repo: "hexpm", optional: true]}, {:plug, "~> 1.14", [hex: :plug, repo: "hexpm", optional: false]}, {:plug_cowboy, "~> 2.6", [hex: :plug_cowboy, repo: "hexpm", optional: true]}, {:websock, "~> 0.5", [hex: :websock, repo: "hexpm", optional: false]}], "hexpm", "5534d5c9adad3c18a0f58a9371220d75a803bf0b9a3d87e6fe072faaeed76a08"},
  "xml_builder": {:hex, :xml_builder, "2.4.0", "b20d23077266c81f593360dc037ea398461dddb6638a329743da6c73afa56725", [:mix], [], "hexpm", "833e325bb997f032b5a1b740d2fd6feed3c18ca74627f9f5f30513a9ae1a232d"},
}
